
Microsoft Visual Studio Solution File, Format Version 12.00
# Visual Studio Version 17
VisualStudioVersion = 17.11.35312.102
MinimumVisualStudioVersion = 10.0.40219.1
Project("{FAE04EC0-301F-11D3-BF4B-00C04F79EFBC}") = "CarRental", "CarRental.csproj", "{CA8F4864-83F1-4BAE-ABDE-83A4463CBE3B}"
EndProject
Global
	GlobalSection(SolutionConfigurationPlatforms) = preSolution
		Debug|Any CPU = Debug|Any CPU
		Release|Any CPU = Release|Any CPU
	EndGlobalSection
	GlobalSection(ProjectConfigurationPlatforms) = postSolution
		{CA8F4864-83F1-4BAE-ABDE-83A4463CBE3B}.Debug|Any CPU.ActiveCfg = Debug|Any CPU
		{CA8F4864-83F1-4BAE-ABDE-83A4463CBE3B}.Debug|Any CPU.Build.0 = Debug|Any CPU
		{CA8F4864-83F1-4BAE-ABDE-83A4463CBE3B}.Release|Any CPU.ActiveCfg = Release|Any CPU
		{CA8F4864-83F1-4BAE-ABDE-83A4463CBE3B}.Release|Any CPU.Build.0 = Release|Any CPU
	EndGlobalSection
	GlobalSection(SolutionProperties) = preSolution
		HideSolutionNode = FALSE
	EndGlobalSection
	GlobalSection(ExtensibilityGlobals) = postSolution
		SolutionGuid = {E2498030-1AC3-4AB0-A329-0CA55B1DF4DD}
	EndGlobalSection
EndGlobal
